
Microsoft Visual Studio Solution File, Format Version 12.00
# Visual Studio 15
VisualStudioVersion = 15.0.28307.489
MinimumVisualStudioVersion = 10.0.40219.1
Project("{FAE04EC0-301F-11D3-BF4B-00C04F79EFBC}") = "AjaxProject", "AjaxProject\AjaxProject.csproj", "{89E99BAD-BA21-445F-B2B4-B448434A184A}"
EndProject
Project("{FAE04EC0-301F-11D3-BF4B-00C04F79EFBC}") = "WebApi", "WebApi\WebApi.csproj", "{50B7FF3B-B7E5-40EB-8CF1-9520C9467009}"
EndProject
Global
	GlobalSection(SolutionConfigurationPlatforms) = preSolution
		Debug|Any CPU = Debug|Any CPU
		Release|Any CPU = Release|Any CPU
	EndGlobalSection
	GlobalSection(ProjectConfigurationPlatforms) = postSolution
		{89E99BAD-BA21-445F-B2B4-B448434A184A}.Debug|Any CPU.ActiveCfg = Debug|Any CPU
		{89E99BAD-BA21-445F-B2B4-B448434A184A}.Debug|Any CPU.Build.0 = Debug|Any CPU
		{89E99BAD-BA21-445F-B2B4-B448434A184A}.Release|Any CPU.ActiveCfg = Release|Any CPU
		{89E99BAD-BA21-445F-B2B4-B448434A184A}.Release|Any CPU.Build.0 = Release|Any CPU
		{50B7FF3B-B7E5-40EB-8CF1-9520C9467009}.Debug|Any CPU.ActiveCfg = Debug|Any CPU
		{50B7FF3B-B7E5-40EB-8CF1-9520C9467009}.Debug|Any CPU.Build.0 = Debug|Any CPU
		{50B7FF3B-B7E5-40EB-8CF1-9520C9467009}.Release|Any CPU.ActiveCfg = Release|Any CPU
		{50B7FF3B-B7E5-40EB-8CF1-9520C9467009}.Release|Any CPU.Build.0 = Release|Any CPU
	EndGlobalSection
	GlobalSection(SolutionProperties) = preSolution
		HideSolutionNode = FALSE
	EndGlobalSection
	GlobalSection(ExtensibilityGlobals) = postSolution
		SolutionGuid = {A0EAB88A-6588-4878-AAEC-B5C0D1BBCFA0}
	EndGlobalSection
EndGlobal
